
Microsoft Visual Studio Solution File, Format Version 12.00
# Visual Studio 15
VisualStudioVersion = 15.0.27703.2026
MinimumVisualStudioVersion = 10.0.40219.1
Project("{FAE04EC0-301F-11D3-BF4B-00C04F79EFBC}") = "EmailWeb", "EmailWeb\EmailWeb.csproj", "{5F154D7A-D62A-4C60-A33F-563FA8D299D8}"
EndProject
Global
	GlobalSection(SolutionConfigurationPlatforms) = preSolution
		Debug|Any CPU = Debug|Any CPU
		Release|Any CPU = Release|Any CPU
	EndGlobalSection
	GlobalSection(ProjectConfigurationPlatforms) = postSolution
		{5F154D7A-D62A-4C60-A33F-563FA8D299D8}.Debug|Any CPU.ActiveCfg = Debug|Any CPU
		{5F154D7A-D62A-4C60-A33F-563FA8D299D8}.Debug|Any CPU.Build.0 = Debug|Any CPU
		{5F154D7A-D62A-4C60-A33F-563FA8D299D8}.Release|Any CPU.ActiveCfg = Release|Any CPU
		{5F154D7A-D62A-4C60-A33F-563FA8D299D8}.Release|Any CPU.Build.0 = Release|Any CPU
	EndGlobalSection
	GlobalSection(SolutionProperties) = preSolution
		HideSolutionNode = FALSE
	EndGlobalSection
	GlobalSection(ExtensibilityGlobals) = postSolution
		SolutionGuid = {9BF79538-C1CA-4D48-8C80-4A8081F78885}
	EndGlobalSection
EndGlobal
